{
  "name": "BetPool",
  "lockfileVersion": 2,
  "requires": true,
  "packages": {
    "": {
      "dependencies": {
        "react-native-rsa": "^0.0.3"
      }
    },
    "node_modules/react-native-rsa": {
      "version": "0.0.3",
      "resolved": "https://registry.npmjs.org/react-native-rsa/-/react-native-rsa-0.0.3.tgz",
      "integrity": "sha1-w7W4UnjooaPvIrQgan1qoEom2Zs="
    }
  },
  "dependencies": {
    "react-native-rsa": {
      "version": "0.0.3",
      "resolved": "https://registry.npmjs.org/react-native-rsa/-/react-native-rsa-0.0.3.tgz",
      "integrity": "sha1-w7W4UnjooaPvIrQgan1qoEom2Zs="
    }
  }
}
